// !$*UTF8*$!
{
	archiveVersion = 1;
	classes = {
	};
	objectVersion = 50;
	objects = {

/* Begin PBXBuildFile section */
		2725ECBEEF1906D4C921681F /* Pods_Labyrinth.framework in Frameworks */ = {isa = PBXBuildFile; fileRef = 14AC3312659979842F035EAD /* Pods_Labyrinth.framework */; };
		842A71F220CA3B7900246332 /* BackpackViewController.swift in Sources */ = {isa = PBXBuildFile; fileRef = 842A71F120CA3B7900246332 /* BackpackViewController.swift */; };
		842A71F420CA3BA100246332 /* ActionViewController.swift in Sources */ = {isa = PBXBuildFile; fileRef = 842A71F320CA3BA100246332 /* ActionViewController.swift */; };
		842A71F620CA70F000246332 /* StuffViewController.swift in Sources */ = {isa = PBXBuildFile; fileRef = 842A71F520CA70F000246332 /* StuffViewController.swift */; };
		842A71F820CA726200246332 /* MoveViewController.swift in Sources */ = {isa = PBXBuildFile; fileRef = 842A71F720CA726200246332 /* MoveViewController.swift */; };
		842A71FA20CAC05B00246332 /* ResultViewController.swift in Sources */ = {isa = PBXBuildFile; fileRef = 842A71F920CAC05B00246332 /* ResultViewController.swift */; };
		845E93C620C93A81004B2DBB /* Maze.swift in Sources */ = {isa = PBXBuildFile; fileRef = 845E93C520C93A81004B2DBB /* Maze.swift */; };
		8489738920C6605200F2EF67 /* AppDelegate.swift in Sources */ = {isa = PBXBuildFile; fileRef = 8489738820C6605200F2EF67 /* AppDelegate.swift */; };
		8489738B20C6605200F2EF67 /* ViewController.swift in Sources */ = {isa = PBXBuildFile; fileRef = 8489738A20C6605200F2EF67 /* ViewController.swift */; };
		8489738E20C6605200F2EF67 /* Main.storyboard in Resources */ = {isa = PBXBuildFile; fileRef = 8489738C20C6605200F2EF67 /* Main.storyboard */; };
		8489739020C6605300F2EF67 /* Assets.xcassets in Resources */ = {isa = PBXBuildFile; fileRef = 8489738F20C6605300F2EF67 /* Assets.xcassets */; };
		8489739320C6605300F2EF67 /* LaunchScreen.storyboard in Resources */ = {isa = PBXBuildFile; fileRef = 8489739120C6605300F2EF67 /* LaunchScreen.storyboard */; };
		8489739D20C7CC7900F2EF67 /* MainSceneViewController.swift in Sources */ = {isa = PBXBuildFile; fileRef = 8489739C20C7CC7900F2EF67 /* MainSceneViewController.swift */; };
		848973A020C7CCE400F2EF67 /* Constants.swift in Sources */ = {isa = PBXBuildFile; fileRef = 8489739F20C7CCE400F2EF67 /* Constants.swift */; };
		848973A220C7DA1900F2EF67 /* Extensions.swift in Sources */ = {isa = PBXBuildFile; fileRef = 848973A120C7DA1900F2EF67 /* Extensions.swift */; };
		848973A420C8307D00F2EF67 /* Room.swift in Sources */ = {isa = PBXBuildFile; fileRef = 848973A320C8307D00F2EF67 /* Room.swift */; };
		848973A620C8317E00F2EF67 /* Thing.swift in Sources */ = {isa = PBXBuildFile; fileRef = 848973A520C8317E00F2EF67 /* Thing.swift */; };
		848973A820C8324800F2EF67 /* Player.swift in Sources */ = {isa = PBXBuildFile; fileRef = 848973A720C8324800F2EF67 /* Player.swift */; };
/* End PBXBuildFile section */

/* Begin PBXFileReference section */
		0A0074D67510113B9276E58A /* Pods-Labyrinth.debug.xcconfig */ = {isa = PBXFileReference; includeInIndex = 1; lastKnownFileType = text.xcconfig; name = "Pods-Labyrinth.debug.xcconfig"; path = "Pods/Target Support Files/Pods-Labyrinth/Pods-Labyrinth.debug.xcconfig"; sourceTree = "<group>"; };
		14AC3312659979842F035EAD /* Pods_Labyrinth.framework */ = {isa = PBXFileReference; explicitFileType = wrapper.framework; includeInIndex = 0; path = Pods_Labyrinth.framework; sourceTree = BUILT_PRODUCTS_DIR; };
		842A71F120CA3B7900246332 /* BackpackViewController.swift */ = {isa = PBXFileReference; lastKnownFileType = sourcecode.swift; path = BackpackViewController.swift; sourceTree = "<group>"; };
		842A71F320CA3BA100246332 /* ActionViewController.swift */ = {isa = PBXFileReference; lastKnownFileType = sourcecode.swift; path = ActionViewController.swift; sourceTree = "<group>"; };
		842A71F520CA70F000246332 /* StuffViewController.swift */ = {isa = PBXFileReference; lastKnownFileType = sourcecode.swift; path = StuffViewController.swift; sourceTree = "<group>"; };
		842A71F720CA726200246332 /* MoveViewController.swift */ = {isa = PBXFileReference; lastKnownFileType = sourcecode.swift; path = MoveViewController.swift; sourceTree = "<group>"; };
		842A71F920CAC05B00246332 /* ResultViewController.swift */ = {isa = PBXFileReference; lastKnownFileType = sourcecode.swift; path = ResultViewController.swift; sourceTree = "<group>"; };
		845E93C520C93A81004B2DBB /* Maze.swift */ = {isa = PBXFileReference; lastKnownFileType = sourcecode.swift; path = Maze.swift; sourceTree = "<group>"; };
		8489738520C6605200F2EF67 /* Labyrinth.app */ = {isa = PBXFileReference; explicitFileType = wrapper.application; includeInIndex = 0; path = Labyrinth.app; sourceTree = BUILT_PRODUCTS_DIR; };
		8489738820C6605200F2EF67 /* AppDelegate.swift */ = {isa = PBXFileReference; lastKnownFileType = sourcecode.swift; path = AppDelegate.swift; sourceTree = "<group>"; };
		8489738A20C6605200F2EF67 /* ViewController.swift */ = {isa = PBXFileReference; lastKnownFileType = sourcecode.swift; path = ViewController.swift; sourceTree = "<group>"; };
		8489738D20C6605200F2EF67 /* Base */ = {isa = PBXFileReference; lastKnownFileType = file.storyboard; name = Base; path = Base.lproj/Main.storyboard; sourceTree = "<group>"; };
		8489738F20C6605300F2EF67 /* Assets.xcassets */ = {isa = PBXFileReference; lastKnownFileType = folder.assetcatalog; path = Assets.xcassets; sourceTree = "<group>"; };
		8489739220C6605300F2EF67 /* Base */ = {isa = PBXFileReference; lastKnownFileType = file.storyboard; name = Base; path = Base.lproj/LaunchScreen.storyboard; sourceTree = "<group>"; };
		8489739420C6605300F2EF67 /* Info.plist */ = {isa = PBXFileReference; lastKnownFileType = text.plist.xml; path = Info.plist; sourceTree = "<group>"; };
		8489739C20C7CC7900F2EF67 /* MainSceneViewController.swift */ = {isa = PBXFileReference; lastKnownFileType = sourcecode.swift; path = MainSceneViewController.swift; sourceTree = "<group>"; };
		8489739F20C7CCE400F2EF67 /* Constants.swift */ = {isa = PBXFileReference; lastKnownFileType = sourcecode.swift; path = Constants.swift; sourceTree = "<group>"; };
		848973A120C7DA1900F2EF67 /* Extensions.swift */ = {isa = PBXFileReference; lastKnownFileType = sourcecode.swift; path = Extensions.swift; sourceTree = "<group>"; };
		848973A320C8307D00F2EF67 /* Room.swift */ = {isa = PBXFileReference; lastKnownFileType = sourcecode.swift; path = Room.swift; sourceTree = "<group>"; };
		848973A520C8317E00F2EF67 /* Thing.swift */ = {isa = PBXFileReference; lastKnownFileType = sourcecode.swift; path = Thing.swift; sourceTree = "<group>"; };
		848973A720C8324800F2EF67 /* Player.swift */ = {isa = PBXFileReference; lastKnownFileType = sourcecode.swift; path = Player.swift; sourceTree = "<group>"; };
		84908DA446E76E56FF87037D /* Pods-Labyrinth.release.xcconfig */ = {isa = PBXFileReference; includeInIndex = 1; lastKnownFileType = text.xcconfig; name = "Pods-Labyrinth.release.xcconfig"; path = "Pods/Target Support Files/Pods-Labyrinth/Pods-Labyrinth.release.xcconfig"; sourceTree = "<group>"; };
/* End PBXFileReference section */

/* Begin PBXFrameworksBuildPhase section */
		8489738220C6605200F2EF67 /* Frameworks */ = {
			isa = PBXFrameworksBuildPhase;
			buildActionMask = 2147483647;
			files = (
				2725ECBEEF1906D4C921681F /* Pods_Labyrinth.framework in Frameworks */,
			);
			runOnlyForDeploymentPostprocessing = 0;
		};
/* End PBXFrameworksBuildPhase section */

/* Begin PBXGroup section */
		7301C0E2FF970F81DAA9EB56 /* Pods */ = {
			isa = PBXGroup;
			children = (
				0A0074D67510113B9276E58A /* Pods-Labyrinth.debug.xcconfig */,
				84908DA446E76E56FF87037D /* Pods-Labyrinth.release.xcconfig */,
			);
			name = Pods;
			sourceTree = "<group>";
		};
		8489737C20C6605200F2EF67 = {
			isa = PBXGroup;
			children = (
				8489738720C6605200F2EF67 /* Labyrinth */,
				8489738620C6605200F2EF67 /* Products */,
				7301C0E2FF970F81DAA9EB56 /* Pods */,
				98AF5467DC0D39FB0673A94A /* Frameworks */,
			);
			sourceTree = "<group>";
		};
		8489738620C6605200F2EF67 /* Products */ = {
			isa = PBXGroup;
			children = (
				8489738520C6605200F2EF67 /* Labyrinth.app */,
			);
			name = Products;
			sourceTree = "<group>";
		};
		8489738720C6605200F2EF67 /* Labyrinth */ = {
			isa = PBXGroup;
			children = (
				8489739E20C7CCD200F2EF67 /* HelperFiles */,
				8489739B20C660CC00F2EF67 /* Controllers */,
				8489739A20C660C300F2EF67 /* Models */,
				8489738820C6605200F2EF67 /* AppDelegate.swift */,
				8489738C20C6605200F2EF67 /* Main.storyboard */,
				8489738F20C6605300F2EF67 /* Assets.xcassets */,
				8489739120C6605300F2EF67 /* LaunchScreen.storyboard */,
				8489739420C6605300F2EF67 /* Info.plist */,
			);
			path = Labyrinth;
			sourceTree = "<group>";
		};
		8489739A20C660C300F2EF67 /* Models */ = {
			isa = PBXGroup;
			children = (
				848973A320C8307D00F2EF67 /* Room.swift */,
				848973A520C8317E00F2EF67 /* Thing.swift */,
				848973A720C8324800F2EF67 /* Player.swift */,
				845E93C520C93A81004B2DBB /* Maze.swift */,
			);
			path = Models;
			sourceTree = "<group>";
		};
		8489739B20C660CC00F2EF67 /* Controllers */ = {
			isa = PBXGroup;
			children = (
				8489738A20C6605200F2EF67 /* ViewController.swift */,
				8489739C20C7CC7900F2EF67 /* MainSceneViewController.swift */,
				842A71F120CA3B7900246332 /* BackpackViewController.swift */,
				842A71F320CA3BA100246332 /* ActionViewController.swift */,
				842A71F520CA70F000246332 /* StuffViewController.swift */,
				842A71F720CA726200246332 /* MoveViewController.swift */,
				842A71F920CAC05B00246332 /* ResultViewController.swift */,
			);
			path = Controllers;
			sourceTree = "<group>";
		};
		8489739E20C7CCD200F2EF67 /* HelperFiles */ = {
			isa = PBXGroup;
			children = (
				8489739F20C7CCE400F2EF67 /* Constants.swift */,
				848973A120C7DA1900F2EF67 /* Extensions.swift */,
			);
			path = HelperFiles;
			sourceTree = "<group>";
		};
		98AF5467DC0D39FB0673A94A /* Frameworks */ = {
			isa = PBXGroup;
			children = (
				14AC3312659979842F035EAD /* Pods_Labyrinth.framework */,
			);
			name = Frameworks;
			sourceTree = "<group>";
		};
/* End PBXGroup section */

/* Begin PBXNativeTarget section */
		8489738420C6605200F2EF67 /* Labyrinth */ = {
			isa = PBXNativeTarget;
			buildConfigurationList = 8489739720C6605300F2EF67 /* Build configuration list for PBXNativeTarget "Labyrinth" */;
			buildPhases = (
				84281D8AADD5949DA5059FAB /* [CP] Check Pods Manifest.lock */,
				8489738120C6605200F2EF67 /* Sources */,
				8489738220C6605200F2EF67 /* Frameworks */,
				8489738320C6605200F2EF67 /* Resources */,
				44383469A34E853EC928DEFB /* [CP] Embed Pods Frameworks */,
			);
			buildRules = (
			);
			dependencies = (
			);
			name = Labyrinth;
			productName = Labyrinth;
			productReference = 8489738520C6605200F2EF67 /* Labyrinth.app */;
			productType = "com.apple.product-type.application";
		};
/* End PBXNativeTarget section */

/* Begin PBXProject section */
		8489737D20C6605200F2EF67 /* Project object */ = {
			isa = PBXProject;
			attributes = {
				LastSwiftUpdateCheck = 0930;
				LastUpgradeCheck = 0930;
				ORGANIZATIONNAME = Neobis;
				TargetAttributes = {
					8489738420C6605200F2EF67 = {
						CreatedOnToolsVersion = 9.3;
					};
				};
			};
			buildConfigurationList = 8489738020C6605200F2EF67 /* Build configuration list for PBXProject "Labyrinth" */;
			compatibilityVersion = "Xcode 9.3";
			developmentRegion = en;
			hasScannedForEncodings = 0;
			knownRegions = (
				en,
				Base,
			);
			mainGroup = 8489737C20C6605200F2EF67;
			productRefGroup = 8489738620C6605200F2EF67 /* Products */;
			projectDirPath = "";
			projectRoot = "";
			targets = (
				8489738420C6605200F2EF67 /* Labyrinth */,
			);
		};
/* End PBXProject section */

/* Begin PBXResourcesBuildPhase section */
		8489738320C6605200F2EF67 /* Resources */ = {
			isa = PBXResourcesBuildPhase;
			buildActionMask = 2147483647;
			files = (
				8489739320C6605300F2EF67 /* LaunchScreen.storyboard in Resources */,
				8489739020C6605300F2EF67 /* Assets.xcassets in Resources */,
				8489738E20C6605200F2EF67 /* Main.storyboard in Resources */,
			);
			runOnlyForDeploymentPostprocessing = 0;
		};
/* End PBXResourcesBuildPhase section */

/* Begin PBXShellScriptBuildPhase section */
		44383469A34E853EC928DEFB /* [CP] Embed Pods Frameworks */ = {
			isa = PBXShellScriptBuildPhase;
			buildActionMask = 2147483647;
			files = (
			);
			inputPaths = (
				"${SRCROOT}/Pods/Target Support Files/Pods-Labyrinth/Pods-Labyrinth-frameworks.sh",
				"${BUILT_PRODUCTS_DIR}/IQKeyboardManager/IQKeyboardManager.framework",
			);
			name = "[CP] Embed Pods Frameworks";
			outputPaths = (
				"${TARGET_BUILD_DIR}/${FRAMEWORKS_FOLDER_PATH}/IQKeyboardManager.framework",
			);
			runOnlyForDeploymentPostprocessing = 0;
			shellPath = /bin/sh;
			shellScript = "\"${SRCROOT}/Pods/Target Support Files/Pods-Labyrinth/Pods-Labyrinth-frameworks.sh\"\n";
			showEnvVarsInLog = 0;
		};
		84281D8AADD5949DA5059FAB /* [CP] Check Pods Manifest.lock */ = {
			isa = PBXShellScriptBuildPhase;
			buildActionMask = 2147483647;
			files = (
			);
			inputPaths = (
				"${PODS_PODFILE_DIR_PATH}/Podfile.lock",
				"${PODS_ROOT}/Manifest.lock",
			);
			name = "[CP] Check Pods Manifest.lock";
			outputPaths = (
				"$(DERIVED_FILE_DIR)/Pods-Labyrinth-checkManifestLockResult.txt",
			);
			runOnlyForDeploymentPostprocessing = 0;
			shellPath = /bin/sh;
			shellScript = "diff \"${PODS_PODFILE_DIR_PATH}/Podfile.lock\" \"${PODS_ROOT}/Manifest.lock\" > /dev/null\nif [ $? != 0 ] ; then\n    # print error to STDERR\n    echo \"error: The sandbox is not in sync with the Podfile.lock. Run 'pod install' or update your CocoaPods installation.\" >&2\n    exit 1\nfi\n# This output is used by Xcode 'outputs' to avoid re-running this script phase.\necho \"SUCCESS\" > \"${SCRIPT_OUTPUT_FILE_0}\"\n";
			showEnvVarsInLog = 0;
		};
/* End PBXShellScriptBuildPhase section */

/* Begin PBXSourcesBuildPhase section */
		8489738120C6605200F2EF67 /* Sources */ = {
			isa = PBXSourcesBuildPhase;
			buildActionMask = 2147483647;
			files = (
				848973A220C7DA1900F2EF67 /* Extensions.swift in Sources */,
				8489738B20C6605200F2EF67 /* ViewController.swift in Sources */,
				845E93C620C93A81004B2DBB /* Maze.swift in Sources */,
				842A71F620CA70F000246332 /* StuffViewController.swift in Sources */,
				842A71F820CA726200246332 /* MoveViewController.swift in Sources */,
				842A71F420CA3BA100246332 /* ActionViewController.swift in Sources */,
				848973A420C8307D00F2EF67 /* Room.swift in Sources */,
				8489738920C6605200F2EF67 /* AppDelegate.swift in Sources */,
				848973A820C8324800F2EF67 /* Player.swift in Sources */,
				842A71FA20CAC05B00246332 /* ResultViewController.swift in Sources */,
				842A71F220CA3B7900246332 /* BackpackViewController.swift in Sources */,
				8489739D20C7CC7900F2EF67 /* MainSceneViewController.swift in Sources */,
				848973A020C7CCE400F2EF67 /* Constants.swift in Sources */,
				848973A620C8317E00F2EF67 /* Thing.swift in Sources */,
			);
			runOnlyForDeploymentPostprocessing = 0;
		};
/* End PBXSourcesBuildPhase section */

/* Begin PBXVariantGroup section */
		8489738C20C6605200F2EF67 /* Main.storyboard */ = {
			isa = PBXVariantGroup;
			children = (
				8489738D20C6605200F2EF67 /* Base */,
			);
			name = Main.storyboard;
			sourceTree = "<group>";
		};
		8489739120C6605300F2EF67 /* LaunchScreen.storyboard */ = {
			isa = PBXVariantGroup;
			children = (
				8489739220C6605300F2EF67 /* Base */,
			);
			name = LaunchScreen.storyboard;
			sourceTree = "<group>";
		};
/* End PBXVariantGroup section */

/* Begin XCBuildConfiguration section */
		8489739520C6605300F2EF67 /* Debug */ = {
			isa = XCBuildConfiguration;
			buildSettings = {
				ALWAYS_SEARCH_USER_PATHS = NO;
				CLANG_ANALYZER_NONNULL = YES;
				CLANG_ANALYZER_NUMBER_OBJECT_CONVERSION = YES_AGGRESSIVE;
				CLANG_CXX_LANGUAGE_STANDARD = "gnu++14";
				CLANG_CXX_LIBRARY = "libc++";
				CLANG_ENABLE_MODULES = YES;
				CLANG_ENABLE_OBJC_ARC = YES;
				CLANG_ENABLE_OBJC_WEAK = YES;
				CLANG_WARN_BLOCK_CAPTURE_AUTORELEASING = YES;
				CLANG_WARN_BOOL_CONVERSION = YES;
				CLANG_WARN_COMMA = YES;
				CLANG_WARN_CONSTANT_CONVERSION = YES;
				CLANG_WARN_DEPRECATED_OBJC_IMPLEMENTATIONS = YES;
				CLANG_WARN_DIRECT_OBJC_ISA_USAGE = YES_ERROR;
				CLANG_WARN_DOCUMENTATION_COMMENTS = YES;
				CLANG_WARN_EMPTY_BODY = YES;
				CLANG_WARN_ENUM_CONVERSION = YES;
				CLANG_WARN_INFINITE_RECURSION = YES;
				CLANG_WARN_INT_CONVERSION = YES;
				CLANG_WARN_NON_LITERAL_NULL_CONVERSION = YES;
				CLANG_WARN_OBJC_IMPLICIT_RETAIN_SELF = YES;
				CLANG_WARN_OBJC_LITERAL_CONVERSION = YES;
				CLANG_WARN_OBJC_ROOT_CLASS = YES_ERROR;
				CLANG_WARN_RANGE_LOOP_ANALYSIS = YES;
				CLANG_WARN_STRICT_PROTOTYPES = YES;
				CLANG_WARN_SUSPICIOUS_MOVE = YES;
				CLANG_WARN_UNGUARDED_AVAILABILITY = YES_AGGRESSIVE;
				CLANG_WARN_UNREACHABLE_CODE = YES;
				CLANG_WARN__DUPLICATE_METHOD_MATCH = YES;
				CODE_SIGN_IDENTITY = "iPhone Developer";
				COPY_PHASE_STRIP = NO;
				DEBUG_INFORMATION_FORMAT = dwarf;
				ENABLE_STRICT_OBJC_MSGSEND = YES;
				ENABLE_TESTABILITY = YES;
				GCC_C_LANGUAGE_STANDARD = gnu11;
				GCC_DYNAMIC_NO_PIC = NO;
				GCC_NO_COMMON_BLOCKS = YES;
				GCC_OPTIMIZATION_LEVEL = 0;
				GCC_PREPROCESSOR_DEFINITIONS = (
					"DEBUG=1",
					"$(inherited)",
				);
				GCC_WARN_64_TO_32_BIT_CONVERSION = YES;
				GCC_WARN_ABOUT_RETURN_TYPE = YES_ERROR;
				GCC_WARN_UNDECLARED_SELECTOR = YES;
				GCC_WARN_UNINITIALIZED_AUTOS = YES_AGGRESSIVE;
				GCC_WARN_UNUSED_FUNCTION = YES;
				GCC_WARN_UNUSED_VARIABLE = YES;
				IPHONEOS_DEPLOYMENT_TARGET = 11.3;
				MTL_ENABLE_DEBUG_INFO = YES;
				ONLY_ACTIVE_ARCH = YES;
				SDKROOT = iphoneos;
				SWIFT_ACTIVE_COMPILATION_CONDITIONS = DEBUG;
				SWIFT_OPTIMIZATION_LEVEL = "-Onone";
			};
			name = Debug;
		};
		8489739620C6605300F2EF67 /* Release */ = {
			isa = XCBuildConfiguration;
			buildSettings = {
				ALWAYS_SEARCH_USER_PATHS = NO;
				CLANG_ANALYZER_NONNULL = YES;
				CLANG_ANALYZER_NUMBER_OBJECT_CONVERSION = YES_AGGRESSIVE;
				CLANG_CXX_LANGUAGE_STANDARD = "gnu++14";
				CLANG_CXX_LIBRARY = "libc++";
				CLANG_ENABLE_MODULES = YES;
				CLANG_ENABLE_OBJC_ARC = YES;
				CLANG_ENABLE_OBJC_WEAK = YES;
				CLANG_WARN_BLOCK_CAPTURE_AUTORELEASING = YES;
				CLANG_WARN_BOOL_CONVERSION = YES;
				CLANG_WARN_COMMA = YES;
				CLANG_WARN_CONSTANT_CONVERSION = YES;
				CLANG_WARN_DEPRECATED_OBJC_IMPLEMENTATIONS = YES;
				CLANG_WARN_DIRECT_OBJC_ISA_USAGE = YES_ERROR;
				CLANG_WARN_DOCUMENTATION_COMMENTS = YES;
				CLANG_WARN_EMPTY_BODY = YES;
				CLANG_WARN_ENUM_CONVERSION = YES;
				CLANG_WARN_INFINITE_RECURSION = YES;
				CLANG_WARN_INT_CONVERSION = YES;
				CLANG_WARN_NON_LITERAL_NULL_CONVERSION = YES;
				CLANG_WARN_OBJC_IMPLICIT_RETAIN_SELF = YES;
				CLANG_WARN_OBJC_LITERAL_CONVERSION = YES;
				CLANG_WARN_OBJC_ROOT_CLASS = YES_ERROR;
				CLANG_WARN_RANGE_LOOP_ANALYSIS = YES;
				CLANG_WARN_STRICT_PROTOTYPES = YES;
				CLANG_WARN_SUSPICIOUS_MOVE = YES;
				CLANG_WARN_UNGUARDED_AVAILABILITY = YES_AGGRESSIVE;
				CLANG_WARN_UNREACHABLE_CODE = YES;
				CLANG_WARN__DUPLICATE_METHOD_MATCH = YES;
				CODE_SIGN_IDENTITY = "iPhone Developer";
				COPY_PHASE_STRIP = NO;
				DEBUG_INFORMATION_FORMAT = "dwarf-with-dsym";
				ENABLE_NS_ASSERTIONS = NO;
				ENABLE_STRICT_OBJC_MSGSEND = YES;
				GCC_C_LANGUAGE_STANDARD = gnu11;
				GCC_NO_COMMON_BLOCKS = YES;
				GCC_WARN_64_TO_32_BIT_CONVERSION = YES;
				GCC_WARN_ABOUT_RETURN_TYPE = YES_ERROR;
				GCC_WARN_UNDECLARED_SELECTOR = YES;
				GCC_WARN_UNINITIALIZED_AUTOS = YES_AGGRESSIVE;
				GCC_WARN_UNUSED_FUNCTION = YES;
				GCC_WARN_UNUSED_VARIABLE = YES;
				IPHONEOS_DEPLOYMENT_TARGET = 11.3;
				MTL_ENABLE_DEBUG_INFO = NO;
				SDKROOT = iphoneos;
				SWIFT_COMPILATION_MODE = wholemodule;
				SWIFT_OPTIMIZATION_LEVEL = "-O";
				VALIDATE_PRODUCT = YES;
			};
			name = Release;
		};
		8489739820C6605300F2EF67 /* Debug */ = {
			isa = XCBuildConfiguration;
			baseConfigurationReference = 0A0074D67510113B9276E58A /* Pods-Labyrinth.debug.xcconfig */;
			buildSettings = {
				ASSETCATALOG_COMPILER_APPICON_NAME = AppIcon;
				CODE_SIGN_STYLE = Automatic;
				DEVELOPMENT_TEAM = E3ZV847C68;
				INFOPLIST_FILE = Labyrinth/Info.plist;
				LD_RUNPATH_SEARCH_PATHS = (
					"$(inherited)",
					"@executable_path/Frameworks",
				);
				PRODUCT_BUNDLE_IDENTIFIER = com.neobiskg.Labyrinth;
				PRODUCT_NAME = "$(TARGET_NAME)";
				SWIFT_VERSION = 4.0;
				TARGETED_DEVICE_FAMILY = "1,2";
			};
			name = Debug;
		};
		8489739920C6605300F2EF67 /* Release */ = {
			isa = XCBuildConfiguration;
			baseConfigurationReference = 84908DA446E76E56FF87037D /* Pods-Labyrinth.release.xcconfig */;
			buildSettings = {
				ASSETCATALOG_COMPILER_APPICON_NAME = AppIcon;
				CODE_SIGN_STYLE = Automatic;
				DEVELOPMENT_TEAM = E3ZV847C68;
				INFOPLIST_FILE = Labyrinth/Info.plist;
				LD_RUNPATH_SEARCH_PATHS = (
					"$(inherited)",
					"@executable_path/Frameworks",
				);
				PRODUCT_BUNDLE_IDENTIFIER = com.neobiskg.Labyrinth;
				PRODUCT_NAME = "$(TARGET_NAME)";
				SWIFT_VERSION = 4.0;
				TARGETED_DEVICE_FAMILY = "1,2";
			};
			name = Release;
		};
/* End XCBuildConfiguration section */

/* Begin XCConfigurationList section */
		8489738020C6605200F2EF67 /* Build configuration list for PBXProject "Labyrinth" */ = {
			isa = XCConfigurationList;
			buildConfigurations = (
				8489739520C6605300F2EF67 /* Debug */,
				8489739620C6605300F2EF67 /* Release */,
			);
			defaultConfigurationIsVisible = 0;
			defaultConfigurationName = Release;
		};
		8489739720C6605300F2EF67 /* Build configuration list for PBXNativeTarget "Labyrinth" */ = {
			isa = XCConfigurationList;
			buildConfigurations = (
				8489739820C6605300F2EF67 /* Debug */,
				8489739920C6605300F2EF67 /* Release */,
			);
			defaultConfigurationIsVisible = 0;
			defaultConfigurationName = Release;
		};
/* End XCConfigurationList section */
	};
	rootObject = 8489737D20C6605200F2EF67 /* Project object */;
}
